// !$*UTF8*$!
{
	archiveVersion = 1;
	classes = {
	};
	objectVersion = 46;
	objects = {

/* Begin PBXBuildFile section */
		BEE1E7301AE0EA95008233DA /* main.m in Sources */ = {isa = PBXBuildFile; fileRef = BEE1E72F1AE0EA95008233DA /* main.m */; };
		BEE1E7331AE0EA95008233DA /* AppDelegate.m in Sources */ = {isa = PBXBuildFile; fileRef = BEE1E7321AE0EA95008233DA /* AppDelegate.m */; };
		BEE1E7361AE0EA95008233DA /* ViewController.m in Sources */ = {isa = PBXBuildFile; fileRef = BEE1E7351AE0EA95008233DA /* ViewController.m */; };
		BEE1E7391AE0EA95008233DA /* Main.storyboard in Resources */ = {isa = PBXBuildFile; fileRef = BEE1E7371AE0EA95008233DA /* Main.storyboard */; };
		BEE1E73B1AE0EA95008233DA /* Images.xcassets in Resources */ = {isa = PBXBuildFile; fileRef = BEE1E73A1AE0EA95008233DA /* Images.xcassets */; };
		BEE1E73E1AE0EA95008233DA /* LaunchScreen.xib in Resources */ = {isa = PBXBuildFile; fileRef = BEE1E73C1AE0EA95008233DA /* LaunchScreen.xib */; };
		BEE1E74A1AE0EA95008233DA /* SampleImageCroppingTests.m in Sources */ = {isa = PBXBuildFile; fileRef = BEE1E7491AE0EA95008233DA /* SampleImageCroppingTests.m */; };
/* End PBXBuildFile section */

/* Begin PBXContainerItemProxy section */
		BEE1E7441AE0EA95008233DA /* PBXContainerItemProxy */ = {
			isa = PBXContainerItemProxy;
			containerPortal = BEE1E7221AE0EA95008233DA /* Project object */;
			proxyType = 1;
			remoteGlobalIDString = BEE1E7291AE0EA95008233DA;
			remoteInfo = SampleImageCropping;
		};
/* End PBXContainerItemProxy section */

/* Begin PBXFileReference section */
		BEE1E72A1AE0EA95008233DA /* SampleImageCropping.app */ = {isa = PBXFileReference; explicitFileType = wrapper.application; includeInIndex = 0; path = SampleImageCropping.app; sourceTree = BUILT_PRODUCTS_DIR; };
		BEE1E72E1AE0EA95008233DA /* Info.plist */ = {isa = PBXFileReference; lastKnownFileType = text.plist.xml; path = Info.plist; sourceTree = "<group>"; };
		BEE1E72F1AE0EA95008233DA /* main.m */ = {isa = PBXFileReference; lastKnownFileType = sourcecode.c.objc; path = main.m; sourceTree = "<group>"; };
		BEE1E7311AE0EA95008233DA /* AppDelegate.h */ = {isa = PBXFileReference; lastKnownFileType = sourcecode.c.h; path = AppDelegate.h; sourceTree = "<group>"; };
		BEE1E7321AE0EA95008233DA /* AppDelegate.m */ = {isa = PBXFileReference; lastKnownFileType = sourcecode.c.objc; path = AppDelegate.m; sourceTree = "<group>"; };
		BEE1E7341AE0EA95008233DA /* ViewController.h */ = {isa = PBXFileReference; lastKnownFileType = sourcecode.c.h; path = ViewController.h; sourceTree = "<group>"; };
		BEE1E7351AE0EA95008233DA /* ViewController.m */ = {isa = PBXFileReference; lastKnownFileType = sourcecode.c.objc; path = ViewController.m; sourceTree = "<group>"; };
		BEE1E7381AE0EA95008233DA /* Base */ = {isa = PBXFileReference; lastKnownFileType = file.storyboard; name = Base; path = Base.lproj/Main.storyboard; sourceTree = "<group>"; };
		BEE1E73A1AE0EA95008233DA /* Images.xcassets */ = {isa = PBXFileReference; lastKnownFileType = folder.assetcatalog; path = Images.xcassets; sourceTree = "<group>"; };
		BEE1E73D1AE0EA95008233DA /* Base */ = {isa = PBXFileReference; lastKnownFileType = file.xib; name = Base; path = Base.lproj/LaunchScreen.xib; sourceTree = "<group>"; };
		BEE1E7431AE0EA95008233DA /* SampleImageCroppingTests.xctest */ = {isa = PBXFileReference; explicitFileType = wrapper.cfbundle; includeInIndex = 0; path = SampleImageCroppingTests.xctest; sourceTree = BUILT_PRODUCTS_DIR; };
		BEE1E7481AE0EA95008233DA /* Info.plist */ = {isa = PBXFileReference; lastKnownFileType = text.plist.xml; path = Info.plist; sourceTree = "<group>"; };
		BEE1E7491AE0EA95008233DA /* SampleImageCroppingTests.m */ = {isa = PBXFileReference; lastKnownFileType = sourcecode.c.objc; path = SampleImageCroppingTests.m; sourceTree = "<group>"; };
/* End PBXFileReference section */

/* Begin PBXFrameworksBuildPhase section */
		BEE1E7271AE0EA95008233DA /* Frameworks */ = {
			isa = PBXFrameworksBuildPhase;
			buildActionMask = 2147483647;
			files = (
			);
			runOnlyForDeploymentPostprocessing = 0;
		};
		BEE1E7401AE0EA95008233DA /* Frameworks */ = {
			isa = PBXFrameworksBuildPhase;
			buildActionMask = 2147483647;
			files = (
			);
			runOnlyForDeploymentPostprocessing = 0;
		};
/* End PBXFrameworksBuildPhase section */

/* Begin PBXGroup section */
		BEE1E7211AE0EA95008233DA = {
			isa = PBXGroup;
			children = (
				BEE1E72C1AE0EA95008233DA /* SampleImageCropping */,
				BEE1E7461AE0EA95008233DA /* SampleImageCroppingTests */,
				BEE1E72B1AE0EA95008233DA /* Products */,
			);
			sourceTree = "<group>";
		};
		BEE1E72B1AE0EA95008233DA /* Products */ = {
			isa = PBXGroup;
			children = (
				BEE1E72A1AE0EA95008233DA /* SampleImageCropping.app */,
				BEE1E7431AE0EA95008233DA /* SampleImageCroppingTests.xctest */,
			);
			name = Products;
			sourceTree = "<group>";
		};
		BEE1E72C1AE0EA95008233DA /* SampleImageCropping */ = {
			isa = PBXGroup;
			children = (
				BEE1E7311AE0EA95008233DA /* AppDelegate.h */,
				BEE1E7321AE0EA95008233DA /* AppDelegate.m */,
				BEE1E7341AE0EA95008233DA /* ViewController.h */,
				BEE1E7351AE0EA95008233DA /* ViewController.m */,
				BEE1E7371AE0EA95008233DA /* Main.storyboard */,
				BEE1E73A1AE0EA95008233DA /* Images.xcassets */,
				BEE1E73C1AE0EA95008233DA /* LaunchScreen.xib */,
				BEE1E72D1AE0EA95008233DA /* Supporting Files */,
			);
			path = SampleImageCropping;
			sourceTree = "<group>";
		};
		BEE1E72D1AE0EA95008233DA /* Supporting Files */ = {
			isa = PBXGroup;
			children = (
				BEE1E72E1AE0EA95008233DA /* Info.plist */,
				BEE1E72F1AE0EA95008233DA /* main.m */,
			);
			name = "Supporting Files";
			sourceTree = "<group>";
		};
		BEE1E7461AE0EA95008233DA /* SampleImageCroppingTests */ = {
			isa = PBXGroup;
			children = (
				BEE1E7491AE0EA95008233DA /* SampleImageCroppingTests.m */,
				BEE1E7471AE0EA95008233DA /* Supporting Files */,
			);
			path = SampleImageCroppingTests;
			sourceTree = "<group>";
		};
		BEE1E7471AE0EA95008233DA /* Supporting Files */ = {
			isa = PBXGroup;
			children = (
				BEE1E7481AE0EA95008233DA /* Info.plist */,
			);
			name = "Supporting Files";
			sourceTree = "<group>";
		};
/* End PBXGroup section */

/* Begin PBXNativeTarget section */
		BEE1E7291AE0EA95008233DA /* SampleImageCropping */ = {
			isa = PBXNativeTarget;
			buildConfigurationList = BEE1E74D1AE0EA95008233DA /* Build configuration list for PBXNativeTarget "SampleImageCropping" */;
			buildPhases = (
				BEE1E7261AE0EA95008233DA /* Sources */,
				BEE1E7271AE0EA95008233DA /* Frameworks */,
				BEE1E7281AE0EA95008233DA /* Resources */,
			);
			buildRules = (
			);
			dependencies = (
			);
			name = SampleImageCropping;
			productName = SampleImageCropping;
			productReference = BEE1E72A1AE0EA95008233DA /* SampleImageCropping.app */;
			productType = "com.apple.product-type.application";
		};
		BEE1E7421AE0EA95008233DA /* SampleImageCroppingTests */ = {
			isa = PBXNativeTarget;
			buildConfigurationList = BEE1E7501AE0EA95008233DA /* Build configuration list for PBXNativeTarget "SampleImageCroppingTests" */;
			buildPhases = (
				BEE1E73F1AE0EA95008233DA /* Sources */,
				BEE1E7401AE0EA95008233DA /* Frameworks */,
				BEE1E7411AE0EA95008233DA /* Resources */,
			);
			buildRules = (
			);
			dependencies = (
				BEE1E7451AE0EA95008233DA /* PBXTargetDependency */,
			);
			name = SampleImageCroppingTests;
			productName = SampleImageCroppingTests;
			productReference = BEE1E7431AE0EA95008233DA /* SampleImageCroppingTests.xctest */;
			productType = "com.apple.product-type.bundle.unit-test";
		};
/* End PBXNativeTarget section */

/* Begin PBXProject section */
		BEE1E7221AE0EA95008233DA /* Project object */ = {
			isa = PBXProject;
			attributes = {
				LastUpgradeCheck = 0610;
				ORGANIZATIONNAME = Itelligrape;
				TargetAttributes = {
					BEE1E7291AE0EA95008233DA = {
						CreatedOnToolsVersion = 6.1.1;
					};
					BEE1E7421AE0EA95008233DA = {
						CreatedOnToolsVersion = 6.1.1;
						TestTargetID = BEE1E7291AE0EA95008233DA;
					};
				};
			};
			buildConfigurationList = BEE1E7251AE0EA95008233DA /* Build configuration list for PBXProject "SampleImageCropping" */;
			compatibilityVersion = "Xcode 3.2";
			developmentRegion = English;
			hasScannedForEncodings = 0;
			knownRegions = (
				en,
				Base,
			);
			mainGroup = BEE1E7211AE0EA95008233DA;
			productRefGroup = BEE1E72B1AE0EA95008233DA /* Products */;
			projectDirPath = "";
			projectRoot = "";
			targets = (
				BEE1E7291AE0EA95008233DA /* SampleImageCropping */,
				BEE1E7421AE0EA95008233DA /* SampleImageCroppingTests */,
			);
		};
/* End PBXProject section */

/* Begin PBXResourcesBuildPhase section */
		BEE1E7281AE0EA95008233DA /* Resources */ = {
			isa = PBXResourcesBuildPhase;
			buildActionMask = 2147483647;
			files = (
				BEE1E7391AE0EA95008233DA /* Main.storyboard in Resources */,
				BEE1E73E1AE0EA95008233DA /* LaunchScreen.xib in Resources */,
				BEE1E73B1AE0EA95008233DA /* Images.xcassets in Resources */,
			);
			runOnlyForDeploymentPostprocessing = 0;
		};
		BEE1E7411AE0EA95008233DA /* Resources */ = {
			isa = PBXResourcesBuildPhase;
			buildActionMask = 2147483647;
			files = (
			);
			runOnlyForDeploymentPostprocessing = 0;
		};
/* End PBXResourcesBuildPhase section */

/* Begin PBXSourcesBuildPhase section */
		BEE1E7261AE0EA95008233DA /* Sources */ = {
			isa = PBXSourcesBuildPhase;
			buildActionMask = 2147483647;
			files = (
				BEE1E7361AE0EA95008233DA /* ViewController.m in Sources */,
				BEE1E7331AE0EA95008233DA /* AppDelegate.m in Sources */,
				BEE1E7301AE0EA95008233DA /* main.m in Sources */,
			);
			runOnlyForDeploymentPostprocessing = 0;
		};
		BEE1E73F1AE0EA95008233DA /* Sources */ = {
			isa = PBXSourcesBuildPhase;
			buildActionMask = 2147483647;
			files = (
				BEE1E74A1AE0EA95008233DA /* SampleImageCroppingTests.m in Sources */,
			);
			runOnlyForDeploymentPostprocessing = 0;
		};
/* End PBXSourcesBuildPhase section */

/* Begin PBXTargetDependency section */
		BEE1E7451AE0EA95008233DA /* PBXTargetDependency */ = {
			isa = PBXTargetDependency;
			target = BEE1E7291AE0EA95008233DA /* SampleImageCropping */;
			targetProxy = BEE1E7441AE0EA95008233DA /* PBXContainerItemProxy */;
		};
/* End PBXTargetDependency section */

/* Begin PBXVariantGroup section */
		BEE1E7371AE0EA95008233DA /* Main.storyboard */ = {
			isa = PBXVariantGroup;
			children = (
				BEE1E7381AE0EA95008233DA /* Base */,
			);
			name = Main.storyboard;
			sourceTree = "<group>";
		};
		BEE1E73C1AE0EA95008233DA /* LaunchScreen.xib */ = {
			isa = PBXVariantGroup;
			children = (
				BEE1E73D1AE0EA95008233DA /* Base */,
			);
			name = LaunchScreen.xib;
			sourceTree = "<group>";
		};
/* End PBXVariantGroup section */

/* Begin XCBuildConfiguration section */
		BEE1E74B1AE0EA95008233DA /* Debug */ = {
			isa = XCBuildConfiguration;
			buildSettings = {
				ALWAYS_SEARCH_USER_PATHS = NO;
				CLANG_CXX_LANGUAGE_STANDARD = "gnu++0x";
				CLANG_CXX_LIBRARY = "libc++";
				CLANG_ENABLE_MODULES = YES;
				CLANG_ENABLE_OBJC_ARC = YES;
				CLANG_WARN_BOOL_CONVERSION = YES;
				CLANG_WARN_CONSTANT_CONVERSION = YES;
				CLANG_WARN_DIRECT_OBJC_ISA_USAGE = YES_ERROR;
				CLANG_WARN_EMPTY_BODY = YES;
				CLANG_WARN_ENUM_CONVERSION = YES;
				CLANG_WARN_INT_CONVERSION = YES;
				CLANG_WARN_OBJC_ROOT_CLASS = YES_ERROR;
				CLANG_WARN_UNREACHABLE_CODE = YES;
				CLANG_WARN__DUPLICATE_METHOD_MATCH = YES;
				"CODE_SIGN_IDENTITY[sdk=iphoneos*]" = "iPhone Developer";
				COPY_PHASE_STRIP = NO;
				ENABLE_STRICT_OBJC_MSGSEND = YES;
				GCC_C_LANGUAGE_STANDARD = gnu99;
				GCC_DYNAMIC_NO_PIC = NO;
				GCC_OPTIMIZATION_LEVEL = 0;
				GCC_PREPROCESSOR_DEFINITIONS = (
					"DEBUG=1",
					"$(inherited)",
				);
				GCC_SYMBOLS_PRIVATE_EXTERN = NO;
				GCC_WARN_64_TO_32_BIT_CONVERSION = YES;
				GCC_WARN_ABOUT_RETURN_TYPE = YES_ERROR;
				GCC_WARN_UNDECLARED_SELECTOR = YES;
				GCC_WARN_UNINITIALIZED_AUTOS = YES_AGGRESSIVE;
				GCC_WARN_UNUSED_FUNCTION = YES;
				GCC_WARN_UNUSED_VARIABLE = YES;
				IPHONEOS_DEPLOYMENT_TARGET = 8.1;
				MTL_ENABLE_DEBUG_INFO = YES;
				ONLY_ACTIVE_ARCH = YES;
				SDKROOT = iphoneos;
			};
			name = Debug;
		};
		BEE1E74C1AE0EA95008233DA /* Release */ = {
			isa = XCBuildConfiguration;
			buildSettings = {
				ALWAYS_SEARCH_USER_PATHS = NO;
				CLANG_CXX_LANGUAGE_STANDARD = "gnu++0x";
				CLANG_CXX_LIBRARY = "libc++";
				CLANG_ENABLE_MODULES = YES;
				CLANG_ENABLE_OBJC_ARC = YES;
				CLANG_WARN_BOOL_CONVERSION = YES;
				CLANG_WARN_CONSTANT_CONVERSION = YES;
				CLANG_WARN_DIRECT_OBJC_ISA_USAGE = YES_ERROR;
				CLANG_WARN_EMPTY_BODY = YES;
				CLANG_WARN_ENUM_CONVERSION = YES;
				CLANG_WARN_INT_CONVERSION = YES;
				CLANG_WARN_OBJC_ROOT_CLASS = YES_ERROR;
				CLANG_WARN_UNREACHABLE_CODE = YES;
				CLANG_WARN__DUPLICATE_METHOD_MATCH = YES;
				"CODE_SIGN_IDENTITY[sdk=iphoneos*]" = "iPhone Developer";
				COPY_PHASE_STRIP = YES;
				ENABLE_NS_ASSERTIONS = NO;
				ENABLE_STRICT_OBJC_MSGSEND = YES;
				GCC_C_LANGUAGE_STANDARD = gnu99;
				GCC_WARN_64_TO_32_BIT_CONVERSION = YES;
				GCC_WARN_ABOUT_RETURN_TYPE = YES_ERROR;
				GCC_WARN_UNDECLARED_SELECTOR = YES;
				GCC_WARN_UNINITIALIZED_AUTOS = YES_AGGRESSIVE;
				GCC_WARN_UNUSED_FUNCTION = YES;
				GCC_WARN_UNUSED_VARIABLE = YES;
				IPHONEOS_DEPLOYMENT_TARGET = 8.1;
				MTL_ENABLE_DEBUG_INFO = NO;
				SDKROOT = iphoneos;
				VALIDATE_PRODUCT = YES;
			};
			name = Release;
		};
		BEE1E74E1AE0EA95008233DA /* Debug */ = {
			isa = XCBuildConfiguration;
			buildSettings = {
				ASSETCATALOG_COMPILER_APPICON_NAME = AppIcon;
				INFOPLIST_FILE = SampleImageCropping/Info.plist;
				LD_RUNPATH_SEARCH_PATHS = "$(inherited) @executable_path/Frameworks";
				PRODUCT_NAME = "$(TARGET_NAME)";
			};
			name = Debug;
		};
		BEE1E74F1AE0EA95008233DA /* Release */ = {
			isa = XCBuildConfiguration;
			buildSettings = {
				ASSETCATALOG_COMPILER_APPICON_NAME = AppIcon;
				INFOPLIST_FILE = SampleImageCropping/Info.plist;
				LD_RUNPATH_SEARCH_PATHS = "$(inherited) @executable_path/Frameworks";
				PRODUCT_NAME = "$(TARGET_NAME)";
			};
			name = Release;
		};
		BEE1E7511AE0EA95008233DA /* Debug */ = {
			isa = XCBuildConfiguration;
			buildSettings = {
				BUNDLE_LOADER = "$(TEST_HOST)";
				FRAMEWORK_SEARCH_PATHS = (
					"$(SDKROOT)/Developer/Library/Frameworks",
					"$(inherited)",
				);
				GCC_PREPROCESSOR_DEFINITIONS = (
					"DEBUG=1",
					"$(inherited)",
				);
				INFOPLIST_FILE = SampleImageCroppingTests/Info.plist;
				LD_RUNPATH_SEARCH_PATHS = "$(inherited) @executable_path/Frameworks @loader_path/Frameworks";
				PRODUCT_NAME = "$(TARGET_NAME)";
				TEST_HOST = "$(BUILT_PRODUCTS_DIR)/SampleImageCropping.app/SampleImageCropping";
			};
			name = Debug;
		};
		BEE1E7521AE0EA95008233DA /* Release */ = {
			isa = XCBuildConfiguration;
			buildSettings = {
				BUNDLE_LOADER = "$(TEST_HOST)";
				FRAMEWORK_SEARCH_PATHS = (
					"$(SDKROOT)/Developer/Library/Frameworks",
					"$(inherited)",
				);
				INFOPLIST_FILE = SampleImageCroppingTests/Info.plist;
				LD_RUNPATH_SEARCH_PATHS = "$(inherited) @executable_path/Frameworks @loader_path/Frameworks";
				PRODUCT_NAME = "$(TARGET_NAME)";
				TEST_HOST = "$(BUILT_PRODUCTS_DIR)/SampleImageCropping.app/SampleImageCropping";
			};
			name = Release;
		};
/* End XCBuildConfiguration section */

/* Begin XCConfigurationList section */
		BEE1E7251AE0EA95008233DA /* Build configuration list for PBXProject "SampleImageCropping" */ = {
			isa = XCConfigurationList;
			buildConfigurations = (
				BEE1E74B1AE0EA95008233DA /* Debug */,
				BEE1E74C1AE0EA95008233DA /* Release */,
			);
			defaultConfigurationIsVisible = 0;
			defaultConfigurationName = Release;
		};
		BEE1E74D1AE0EA95008233DA /* Build configuration list for PBXNativeTarget "SampleImageCropping" */ = {
			isa = XCConfigurationList;
			buildConfigurations = (
				BEE1E74E1AE0EA95008233DA /* Debug */,
				BEE1E74F1AE0EA95008233DA /* Release */,
			);
			defaultConfigurationIsVisible = 0;
		};
		BEE1E7501AE0EA95008233DA /* Build configuration list for PBXNativeTarget "SampleImageCroppingTests" */ = {
			isa = XCConfigurationList;
			buildConfigurations = (
				BEE1E7511AE0EA95008233DA /* Debug */,
				BEE1E7521AE0EA95008233DA /* Release */,
			);
			defaultConfigurationIsVisible = 0;
		};
/* End XCConfigurationList section */
	};
	rootObject = BEE1E7221AE0EA95008233DA /* Project object */;
}
